
Microsoft Visual Studio Solution File, Format Version 12.00
# Visual Studio 15
VisualStudioVersion = 15.0.27703.2000
MinimumVisualStudioVersion = 10.0.40219.1
Project("{9A19103F-16F7-4668-BE54-9A1E7A4F7556}") = "SimplyUpdate.BuildUpdate", "SimplyUpdate.BuildUpdate.csproj", "{D2E7B7E1-7DA8-4241-A615-673930E08A62}"
EndProject
Global
	GlobalSection(SolutionConfigurationPlatforms) = preSolution
		Debug|Any CPU = Debug|Any CPU
		Release|Any CPU = Release|Any CPU
	EndGlobalSection
	GlobalSection(ProjectConfigurationPlatforms) = postSolution
		{D2E7B7E1-7DA8-4241-A615-673930E08A62}.Debug|Any CPU.ActiveCfg = Debug|Any CPU
		{D2E7B7E1-7DA8-4241-A615-673930E08A62}.Debug|Any CPU.Build.0 = Debug|Any CPU
		{D2E7B7E1-7DA8-4241-A615-673930E08A62}.Release|Any CPU.ActiveCfg = Release|Any CPU
		{D2E7B7E1-7DA8-4241-A615-673930E08A62}.Release|Any CPU.Build.0 = Release|Any CPU
	EndGlobalSection
	GlobalSection(SolutionProperties) = preSolution
		HideSolutionNode = FALSE
	EndGlobalSection
	GlobalSection(ExtensibilityGlobals) = postSolution
		SolutionGuid = {A7635292-9DB5-450C-B5F1-5C531B89BF2D}
	EndGlobalSection
EndGlobal
